lockfileVersion: 5.3

specifiers:
  '@types/node': ^14.14.31
  typescript: ^4.2.3

devDependencies:
  '@types/node': 14.18.29
  typescript: 4.8.3

packages:

  /@types/node/14.18.29:
    resolution: {integrity: sha512-LhF+9fbIX4iPzhsRLpK5H7iPdvW8L4IwGciXQIOEcuF62+9nw/VQVsOViAOOGxY3OlOKGLFv0sWwJXdwQeTn6A==}
    dev: true

  /typescript/4.8.3:
    resolution: {integrity: sha512-goMHfm00nWPa8UvR/CPSvykqf6dVV8x/dp0c5mFTMTIu0u0FlGWRioyy7Nn0PGAdHxpJZnuO/ut+PpQ8UiHAig==}
    engines: {node: '>=4.2.0'}
    hasBin: true
    dev: true
